
Microsoft Visual Studio Solution File, Format Version 12.00
# Visual Studio Version 17
VisualStudioVersion = 17.13.35507.96
MinimumVisualStudioVersion = 10.0.40219.1
Project("{9A19103F-16F7-4668-BE54-9A1E7A4F7556}") = "Client", "Client\Client.csproj", "{B60E8519-EA22-4CCC-9987-5E64B9FF1783}"
EndProject
Project("{9A19103F-16F7-4668-BE54-9A1E7A4F7556}") = "Library", "Library\Library.csproj", "{EF80AD98-3273-42AA-AE7E-9A408E348474}"
EndProject
Project("{9A19103F-16F7-4668-BE54-9A1E7A4F7556}") = "BookApi", "BookApi\BookApi.csproj", "{62B979E1-B71F-4712-813C-5B3A824D937A}"
EndProject
Project("{FAE04EC0-301F-11D3-BF4B-00C04F79EFBC}") = "OrderApi", "OrderApi\OrderApi.csproj", "{64289E2D-A6BD-4E60-9A02-B8729978266E}"
EndProject
Global
	GlobalSection(SolutionConfigurationPlatforms) = preSolution
		Debug|Any CPU = Debug|Any CPU
		Release|Any CPU = Release|Any CPU
	EndGlobalSection
	GlobalSection(ProjectConfigurationPlatforms) = postSolution
		{B60E8519-EA22-4CCC-9987-5E64B9FF1783}.Debug|Any CPU.ActiveCfg = Debug|Any CPU
		{B60E8519-EA22-4CCC-9987-5E64B9FF1783}.Debug|Any CPU.Build.0 = Debug|Any CPU
		{B60E8519-EA22-4CCC-9987-5E64B9FF1783}.Release|Any CPU.ActiveCfg = Release|Any CPU
		{B60E8519-EA22-4CCC-9987-5E64B9FF1783}.Release|Any CPU.Build.0 = Release|Any CPU
		{EF80AD98-3273-42AA-AE7E-9A408E348474}.Debug|Any CPU.ActiveCfg = Debug|Any CPU
		{EF80AD98-3273-42AA-AE7E-9A408E348474}.Debug|Any CPU.Build.0 = Debug|Any CPU
		{EF80AD98-3273-42AA-AE7E-9A408E348474}.Release|Any CPU.ActiveCfg = Release|Any CPU
		{EF80AD98-3273-42AA-AE7E-9A408E348474}.Release|Any CPU.Build.0 = Release|Any CPU
		{62B979E1-B71F-4712-813C-5B3A824D937A}.Debug|Any CPU.ActiveCfg = Debug|Any CPU
		{62B979E1-B71F-4712-813C-5B3A824D937A}.Debug|Any CPU.Build.0 = Debug|Any CPU
		{62B979E1-B71F-4712-813C-5B3A824D937A}.Release|Any CPU.ActiveCfg = Release|Any CPU
		{62B979E1-B71F-4712-813C-5B3A824D937A}.Release|Any CPU.Build.0 = Release|Any CPU
		{64289E2D-A6BD-4E60-9A02-B8729978266E}.Debug|Any CPU.ActiveCfg = Debug|Any CPU
		{64289E2D-A6BD-4E60-9A02-B8729978266E}.Debug|Any CPU.Build.0 = Debug|Any CPU
		{64289E2D-A6BD-4E60-9A02-B8729978266E}.Release|Any CPU.ActiveCfg = Release|Any CPU
		{64289E2D-A6BD-4E60-9A02-B8729978266E}.Release|Any CPU.Build.0 = Release|Any CPU
	EndGlobalSection
	GlobalSection(SolutionProperties) = preSolution
		HideSolutionNode = FALSE
	EndGlobalSection
	GlobalSection(ExtensibilityGlobals) = postSolution
		SolutionGuid = {60388A82-D6BA-41CF-A524-04F217F478C1}
	EndGlobalSection
EndGlobal
